
Microsoft Visual Studio Solution File, Format Version 12.00
# Visual Studio 15
VisualStudioVersion = 15.0.28010.2026
MinimumVisualStudioVersion = 10.0.40219.1
Project("{FAE04EC0-301F-11D3-BF4B-00C04F79EFBC}") = "LeetCodeSolutions", "LeetCodeSolutions\LeetCodeSolutions.csproj", "{94CA7EC9-9BE6-4461-B443-0B50134B2BF9}"
EndProject
Global
	GlobalSection(SolutionConfigurationPlatforms) = preSolution
		Debug|Any CPU = Debug|Any CPU
		Release|Any CPU = Release|Any CPU
	EndGlobalSection
	GlobalSection(ProjectConfigurationPlatforms) = postSolution
		{94CA7EC9-9BE6-4461-B443-0B50134B2BF9}.Debug|Any CPU.ActiveCfg = Debug|Any CPU
		{94CA7EC9-9BE6-4461-B443-0B50134B2BF9}.Debug|Any CPU.Build.0 = Debug|Any CPU
		{94CA7EC9-9BE6-4461-B443-0B50134B2BF9}.Release|Any CPU.ActiveCfg = Release|Any CPU
		{94CA7EC9-9BE6-4461-B443-0B50134B2BF9}.Release|Any CPU.Build.0 = Release|Any CPU
	EndGlobalSection
	GlobalSection(SolutionProperties) = preSolution
		HideSolutionNode = FALSE
	EndGlobalSection
	GlobalSection(ExtensibilityGlobals) = postSolution
		SolutionGuid = {2C063A1D-FC0B-49D2-9180-59703F32C7D8}
	EndGlobalSection
EndGlobal
